// !$*UTF8*$!
{
	archiveVersion = 1;
	classes = {
	};
	objectVersion = 46;
	objects = {

/* Begin PBXBuildFile section */
		F9C97E231D4FB78300C9573C /* AppDelegate.swift in Sources */ = {isa = PBXBuildFile; fileRef = F9C97E221D4FB78300C9573C /* AppDelegate.swift */; };
		F9C97E251D4FB78300C9573C /* ViewController.swift in Sources */ = {isa = PBXBuildFile; fileRef = F9C97E241D4FB78300C9573C /* ViewController.swift */; };
		F9C97E281D4FB78300C9573C /* Main.storyboard in Resources */ = {isa = PBXBuildFile; fileRef = F9C97E261D4FB78300C9573C /* Main.storyboard */; };
		F9C97E2B1D4FB78300C9573C /* bcpApp.xcdatamodeld in Sources */ = {isa = PBXBuildFile; fileRef = F9C97E291D4FB78300C9573C /* bcpApp.xcdatamodeld */; };
		F9C97E2D1D4FB78300C9573C /* Assets.xcassets in Resources */ = {isa = PBXBuildFile; fileRef = F9C97E2C1D4FB78300C9573C /* Assets.xcassets */; };
		F9C97E301D4FB78300C9573C /* LaunchScreen.storyboard in Resources */ = {isa = PBXBuildFile; fileRef = F9C97E2E1D4FB78300C9573C /* LaunchScreen.storyboard */; };
		F9C97E391D4FB7C600C9573C /* GradebookViewController.swift in Sources */ = {isa = PBXBuildFile; fileRef = F9C97E381D4FB7C600C9573C /* GradebookViewController.swift */; };
		F9C97E3B1D4FC34600C9573C /* EmailViewController.swift in Sources */ = {isa = PBXBuildFile; fileRef = F9C97E3A1D4FC34600C9573C /* EmailViewController.swift */; };
/* End PBXBuildFile section */

/* Begin PBXFileReference section */
		F9C97E1F1D4FB78300C9573C /* bcpApp.app */ = {isa = PBXFileReference; explicitFileType = wrapper.application; includeInIndex = 0; path = bcpApp.app; sourceTree = BUILT_PRODUCTS_DIR; };
		F9C97E221D4FB78300C9573C /* AppDelegate.swift */ = {isa = PBXFileReference; lastKnownFileType = sourcecode.swift; path = AppDelegate.swift; sourceTree = "<group>"; };
		F9C97E241D4FB78300C9573C /* ViewController.swift */ = {isa = PBXFileReference; lastKnownFileType = sourcecode.swift; path = ViewController.swift; sourceTree = "<group>"; };
		F9C97E271D4FB78300C9573C /* Base */ = {isa = PBXFileReference; lastKnownFileType = file.storyboard; name = Base; path = Base.lproj/Main.storyboard; sourceTree = "<group>"; };
		F9C97E2A1D4FB78300C9573C /* bcpApp.xcdatamodel */ = {isa = PBXFileReference; lastKnownFileType = wrapper.xcdatamodel; path = bcpApp.xcdatamodel; sourceTree = "<group>"; };
		F9C97E2C1D4FB78300C9573C /* Assets.xcassets */ = {isa = PBXFileReference; lastKnownFileType = folder.assetcatalog; path = Assets.xcassets; sourceTree = "<group>"; };
		F9C97E2F1D4FB78300C9573C /* Base */ = {isa = PBXFileReference; lastKnownFileType = file.storyboard; name = Base; path = Base.lproj/LaunchScreen.storyboard; sourceTree = "<group>"; };
		F9C97E311D4FB78300C9573C /* Info.plist */ = {isa = PBXFileReference; lastKnownFileType = text.plist.xml; path = Info.plist; sourceTree = "<group>"; };
		F9C97E381D4FB7C600C9573C /* GradebookViewController.swift */ = {isa = PBXFileReference; fileEncoding = 4; lastKnownFileType = sourcecode.swift; path = GradebookViewController.swift; sourceTree = "<group>"; };
		F9C97E3A1D4FC34600C9573C /* EmailViewController.swift */ = {isa = PBXFileReference; fileEncoding = 4; lastKnownFileType = sourcecode.swift; path = EmailViewController.swift; sourceTree = "<group>"; };
/* End PBXFileReference section */

/* Begin PBXFrameworksBuildPhase section */
		F9C97E1C1D4FB78300C9573C /* Frameworks */ = {
			isa = PBXFrameworksBuildPhase;
			buildActionMask = 2147483647;
			files = (
			);
			runOnlyForDeploymentPostprocessing = 0;
		};
/* End PBXFrameworksBuildPhase section */

/* Begin PBXGroup section */
		F9C97E161D4FB78300C9573C = {
			isa = PBXGroup;
			children = (
				F9C97E211D4FB78300C9573C /* bcpApp */,
				F9C97E201D4FB78300C9573C /* Products */,
			);
			sourceTree = "<group>";
		};
		F9C97E201D4FB78300C9573C /* Products */ = {
			isa = PBXGroup;
			children = (
				F9C97E1F1D4FB78300C9573C /* bcpApp.app */,
			);
			name = Products;
			sourceTree = "<group>";
		};
		F9C97E211D4FB78300C9573C /* bcpApp */ = {
			isa = PBXGroup;
			children = (
				F9C97E371D4FB7B400C9573C /* ViewControllers */,
				F9C97E221D4FB78300C9573C /* AppDelegate.swift */,
				F9C97E241D4FB78300C9573C /* ViewController.swift */,
				F9C97E261D4FB78300C9573C /* Main.storyboard */,
				F9C97E2C1D4FB78300C9573C /* Assets.xcassets */,
				F9C97E2E1D4FB78300C9573C /* LaunchScreen.storyboard */,
				F9C97E311D4FB78300C9573C /* Info.plist */,
				F9C97E291D4FB78300C9573C /* bcpApp.xcdatamodeld */,
			);
			path = bcpApp;
			sourceTree = "<group>";
		};
		F9C97E371D4FB7B400C9573C /* ViewControllers */ = {
			isa = PBXGroup;
			children = (
				F9C97E381D4FB7C600C9573C /* GradebookViewController.swift */,
				F9C97E3A1D4FC34600C9573C /* EmailViewController.swift */,
			);
			path = ViewControllers;
			sourceTree = "<group>";
		};
/* End PBXGroup section */

/* Begin PBXNativeTarget section */
		F9C97E1E1D4FB78300C9573C /* bcpApp */ = {
			isa = PBXNativeTarget;
			buildConfigurationList = F9C97E341D4FB78300C9573C /* Build configuration list for PBXNativeTarget "bcpApp" */;
			buildPhases = (
				F9C97E1B1D4FB78300C9573C /* Sources */,
				F9C97E1C1D4FB78300C9573C /* Frameworks */,
				F9C97E1D1D4FB78300C9573C /* Resources */,
			);
			buildRules = (
			);
			dependencies = (
			);
			name = bcpApp;
			productName = bcpApp;
			productReference = F9C97E1F1D4FB78300C9573C /* bcpApp.app */;
			productType = "com.apple.product-type.application";
		};
/* End PBXNativeTarget section */

/* Begin PBXProject section */
		F9C97E171D4FB78300C9573C /* Project object */ = {
			isa = PBXProject;
			attributes = {
				LastSwiftUpdateCheck = 0730;
				LastUpgradeCheck = 0730;
				ORGANIZATIONNAME = Samraj;
				TargetAttributes = {
					F9C97E1E1D4FB78300C9573C = {
						CreatedOnToolsVersion = 7.3.1;
					};
				};
			};
			buildConfigurationList = F9C97E1A1D4FB78300C9573C /* Build configuration list for PBXProject "bcpApp" */;
			compatibilityVersion = "Xcode 3.2";
			developmentRegion = English;
			hasScannedForEncodings = 0;
			knownRegions = (
				en,
				Base,
			);
			mainGroup = F9C97E161D4FB78300C9573C;
			productRefGroup = F9C97E201D4FB78300C9573C /* Products */;
			projectDirPath = "";
			projectRoot = "";
			targets = (
				F9C97E1E1D4FB78300C9573C /* bcpApp */,
			);
		};
/* End PBXProject section */

/* Begin PBXResourcesBuildPhase section */
		F9C97E1D1D4FB78300C9573C /* Resources */ = {
			isa = PBXResourcesBuildPhase;
			buildActionMask = 2147483647;
			files = (
				F9C97E301D4FB78300C9573C /* LaunchScreen.storyboard in Resources */,
				F9C97E2D1D4FB78300C9573C /* Assets.xcassets in Resources */,
				F9C97E281D4FB78300C9573C /* Main.storyboard in Resources */,
			);
			runOnlyForDeploymentPostprocessing = 0;
		};
/* End PBXResourcesBuildPhase section */

/* Begin PBXSourcesBuildPhase section */
		F9C97E1B1D4FB78300C9573C /* Sources */ = {
			isa = PBXSourcesBuildPhase;
			buildActionMask = 2147483647;
			files = (
				F9C97E2B1D4FB78300C9573C /* bcpApp.xcdatamodeld in Sources */,
				F9C97E391D4FB7C600C9573C /* GradebookViewController.swift in Sources */,
				F9C97E251D4FB78300C9573C /* ViewController.swift in Sources */,
				F9C97E231D4FB78300C9573C /* AppDelegate.swift in Sources */,
				F9C97E3B1D4FC34600C9573C /* EmailViewController.swift in Sources */,
			);
			runOnlyForDeploymentPostprocessing = 0;
		};
/* End PBXSourcesBuildPhase section */

/* Begin PBXVariantGroup section */
		F9C97E261D4FB78300C9573C /* Main.storyboard */ = {
			isa = PBXVariantGroup;
			children = (
				F9C97E271D4FB78300C9573C /* Base */,
			);
			name = Main.storyboard;
			sourceTree = "<group>";
		};
		F9C97E2E1D4FB78300C9573C /* LaunchScreen.storyboard */ = {
			isa = PBXVariantGroup;
			children = (
				F9C97E2F1D4FB78300C9573C /* Base */,
			);
			name = LaunchScreen.storyboard;
			sourceTree = "<group>";
		};
/* End PBXVariantGroup section */

/* Begin XCBuildConfiguration section */
		F9C97E321D4FB78300C9573C /* Debug */ = {
			isa = XCBuildConfiguration;
			buildSettings = {
				ALWAYS_SEARCH_USER_PATHS = NO;
				CLANG_ANALYZER_NONNULL = YES;
				CLANG_CXX_LANGUAGE_STANDARD = "gnu++0x";
				CLANG_CXX_LIBRARY = "libc++";
				CLANG_ENABLE_MODULES = YES;
				CLANG_ENABLE_OBJC_ARC = YES;
				CLANG_WARN_BOOL_CONVERSION = YES;
				CLANG_WARN_CONSTANT_CONVERSION = YES;
				CLANG_WARN_DIRECT_OBJC_ISA_USAGE = YES_ERROR;
				CLANG_WARN_EMPTY_BODY = YES;
				CLANG_WARN_ENUM_CONVERSION = YES;
				CLANG_WARN_INT_CONVERSION = YES;
				CLANG_WARN_OBJC_ROOT_CLASS = YES_ERROR;
				CLANG_WARN_UNREACHABLE_CODE = YES;
				CLANG_WARN__DUPLICATE_METHOD_MATCH = YES;
				"CODE_SIGN_IDENTITY[sdk=iphoneos*]" = "iPhone Developer";
				COPY_PHASE_STRIP = NO;
				DEBUG_INFORMATION_FORMAT = dwarf;
				ENABLE_STRICT_OBJC_MSGSEND = YES;
				ENABLE_TESTABILITY = YES;
				GCC_C_LANGUAGE_STANDARD = gnu99;
				GCC_DYNAMIC_NO_PIC = NO;
				GCC_NO_COMMON_BLOCKS = YES;
				GCC_OPTIMIZATION_LEVEL = 0;
				GCC_PREPROCESSOR_DEFINITIONS = (
					"DEBUG=1",
					"$(inherited)",
				);
				GCC_WARN_64_TO_32_BIT_CONVERSION = YES;
				GCC_WARN_ABOUT_RETURN_TYPE = YES_ERROR;
				GCC_WARN_UNDECLARED_SELECTOR = YES;
				GCC_WARN_UNINITIALIZED_AUTOS = YES_AGGRESSIVE;
				GCC_WARN_UNUSED_FUNCTION = YES;
				GCC_WARN_UNUSED_VARIABLE = YES;
				IPHONEOS_DEPLOYMENT_TARGET = 9.3;
				MTL_ENABLE_DEBUG_INFO = YES;
				ONLY_ACTIVE_ARCH = YES;
				SDKROOT = iphoneos;
				SWIFT_OPTIMIZATION_LEVEL = "-Onone";
				TARGETED_DEVICE_FAMILY = "1,2";
			};
			name = Debug;
		};
		F9C97E331D4FB78300C9573C /* Release */ = {
			isa = XCBuildConfiguration;
			buildSettings = {
				ALWAYS_SEARCH_USER_PATHS = NO;
				CLANG_ANALYZER_NONNULL = YES;
				CLANG_CXX_LANGUAGE_STANDARD = "gnu++0x";
				CLANG_CXX_LIBRARY = "libc++";
				CLANG_ENABLE_MODULES = YES;
				CLANG_ENABLE_OBJC_ARC = YES;
				CLANG_WARN_BOOL_CONVERSION = YES;
				CLANG_WARN_CONSTANT_CONVERSION = YES;
				CLANG_WARN_DIRECT_OBJC_ISA_USAGE = YES_ERROR;
				CLANG_WARN_EMPTY_BODY = YES;
				CLANG_WARN_ENUM_CONVERSION = YES;
				CLANG_WARN_INT_CONVERSION = YES;
				CLANG_WARN_OBJC_ROOT_CLASS = YES_ERROR;
				CLANG_WARN_UNREACHABLE_CODE = YES;
				CLANG_WARN__DUPLICATE_METHOD_MATCH = YES;
				"CODE_SIGN_IDENTITY[sdk=iphoneos*]" = "iPhone Developer";
				COPY_PHASE_STRIP = NO;
				DEBUG_INFORMATION_FORMAT = "dwarf-with-dsym";
				ENABLE_NS_ASSERTIONS = NO;
				ENABLE_STRICT_OBJC_MSGSEND = YES;
				GCC_C_LANGUAGE_STANDARD = gnu99;
				GCC_NO_COMMON_BLOCKS = YES;
				GCC_WARN_64_TO_32_BIT_CONVERSION = YES;
				GCC_WARN_ABOUT_RETURN_TYPE = YES_ERROR;
				GCC_WARN_UNDECLARED_SELECTOR = YES;
				GCC_WARN_UNINITIALIZED_AUTOS = YES_AGGRESSIVE;
				GCC_WARN_UNUSED_FUNCTION = YES;
				GCC_WARN_UNUSED_VARIABLE = YES;
				IPHONEOS_DEPLOYMENT_TARGET = 9.3;
				MTL_ENABLE_DEBUG_INFO = NO;
				SDKROOT = iphoneos;
				TARGETED_DEVICE_FAMILY = "1,2";
				VALIDATE_PRODUCT = YES;
			};
			name = Release;
		};
		F9C97E351D4FB78300C9573C /* Debug */ = {
			isa = XCBuildConfiguration;
			buildSettings = {
				ASSETCATALOG_COMPILER_APPICON_NAME = AppIcon;
				INFOPLIST_FILE = bcpApp/Info.plist;
				LD_RUNPATH_SEARCH_PATHS = "$(inherited) @executable_path/Frameworks";
				PRODUCT_BUNDLE_IDENTIFIER = com.Kalkat.bcpApp;
				PRODUCT_NAME = "$(TARGET_NAME)";
			};
			name = Debug;
		};
		F9C97E361D4FB78300C9573C /* Release */ = {
			isa = XCBuildConfiguration;
			buildSettings = {
				ASSETCATALOG_COMPILER_APPICON_NAME = AppIcon;
				INFOPLIST_FILE = bcpApp/Info.plist;
				LD_RUNPATH_SEARCH_PATHS = "$(inherited) @executable_path/Frameworks";
				PRODUCT_BUNDLE_IDENTIFIER = com.Kalkat.bcpApp;
				PRODUCT_NAME = "$(TARGET_NAME)";
			};
			name = Release;
		};
/* End XCBuildConfiguration section */

/* Begin XCConfigurationList section */
		F9C97E1A1D4FB78300C9573C /* Build configuration list for PBXProject "bcpApp" */ = {
			isa = XCConfigurationList;
			buildConfigurations = (
				F9C97E321D4FB78300C9573C /* Debug */,
				F9C97E331D4FB78300C9573C /* Release */,
			);
			defaultConfigurationIsVisible = 0;
			defaultConfigurationName = Release;
		};
		F9C97E341D4FB78300C9573C /* Build configuration list for PBXNativeTarget "bcpApp" */ = {
			isa = XCConfigurationList;
			buildConfigurations = (
				F9C97E351D4FB78300C9573C /* Debug */,
				F9C97E361D4FB78300C9573C /* Release */,
			);
			defaultConfigurationIsVisible = 0;
		};
/* End XCConfigurationList section */

/* Begin XCVersionGroup section */
		F9C97E291D4FB78300C9573C /* bcpApp.xcdatamodeld */ = {
			isa = XCVersionGroup;
			children = (
				F9C97E2A1D4FB78300C9573C /* bcpApp.xcdatamodel */,
			);
			currentVersion = F9C97E2A1D4FB78300C9573C /* bcpApp.xcdatamodel */;
			path = bcpApp.xcdatamodeld;
			sourceTree = "<group>";
			versionGroupType = wrapper.xcdatamodel;
		};
/* End XCVersionGroup section */
	};
	rootObject = F9C97E171D4FB78300C9573C /* Project object */;
}
