// !$*UTF8*$!
{
	archiveVersion = 1;
	classes = {
	};
	objectVersion = 46;
	objects = {

/* Begin PBXBuildFile section */
		2C12F9FADAE99A8F7DB615F0 /* Pods_bcpApp.framework in Frameworks */ = {isa = PBXBuildFile; fileRef = 12CA13E4150DE4A9D92E5972 /* Pods_bcpApp.framework */; };
		F90FDFA31D5174F70023A703 /* events.json in Resources */ = {isa = PBXBuildFile; fileRef = F90FDFA21D5174F70023A703 /* events.json */; };
		F92873DE1D5031EB008A2714 /* RealmHelper.swift in Sources */ = {isa = PBXBuildFile; fileRef = F92873DD1D5031EB008A2714 /* RealmHelper.swift */; };
		F9325F6D1D59938E00C3CE37 /* SwiftWebVC.strings in Resources */ = {isa = PBXBuildFile; fileRef = F9325F521D59938E00C3CE37 /* SwiftWebVC.strings */; };
		F9325F6E1D59938E00C3CE37 /* SwiftModalWebVC.swift in Sources */ = {isa = PBXBuildFile; fileRef = F9325F5B1D59938E00C3CE37 /* SwiftModalWebVC.swift */; };
		F9325F6F1D59938E00C3CE37 /* SwiftWebVC.bundle in Resources */ = {isa = PBXBuildFile; fileRef = F9325F5C1D59938E00C3CE37 /* SwiftWebVC.bundle */; };
		F9325F701D59938E00C3CE37 /* SwiftWebVC.swift in Sources */ = {isa = PBXBuildFile; fileRef = F9325F5D1D59938E00C3CE37 /* SwiftWebVC.swift */; };
		F9325F711D59938E00C3CE37 /* SwiftWebVCActivityChrome-iPad.png in Resources */ = {isa = PBXBuildFile; fileRef = F9325F601D59938E00C3CE37 /* SwiftWebVCActivityChrome-iPad.png */; };
		F9325F721D59938E00C3CE37 /* SwiftWebVCActivityChrome-iPad@2x.png in Resources */ = {isa = PBXBuildFile; fileRef = F9325F611D59938E00C3CE37 /* SwiftWebVCActivityChrome-iPad@2x.png */; };
		F9325F731D59938E00C3CE37 /* SwiftWebVCActivityChrome.swift in Sources */ = {isa = PBXBuildFile; fileRef = F9325F621D59938E00C3CE37 /* SwiftWebVCActivityChrome.swift */; };
		F9325F741D59938E00C3CE37 /* SwiftWebVCActivityChrome@2x.png in Resources */ = {isa = PBXBuildFile; fileRef = F9325F631D59938E00C3CE37 /* SwiftWebVCActivityChrome@2x.png */; };
		F9325F751D59938E00C3CE37 /* SwiftWebVCActivitySafari-iPad.png in Resources */ = {isa = PBXBuildFile; fileRef = F9325F651D59938E00C3CE37 /* SwiftWebVCActivitySafari-iPad.png */; };
		F9325F761D59938E00C3CE37 /* SwiftWebVCActivitySafari-iPad@2x.png in Resources */ = {isa = PBXBuildFile; fileRef = F9325F661D59938E00C3CE37 /* SwiftWebVCActivitySafari-iPad@2x.png */; };
		F9325F771D59938E00C3CE37 /* SwiftWebVCActivitySafari.swift in Sources */ = {isa = PBXBuildFile; fileRef = F9325F671D59938E00C3CE37 /* SwiftWebVCActivitySafari.swift */; };
		F9325F781D59938E00C3CE37 /* SwiftWebVCActivitySafari@2x.png in Resources */ = {isa = PBXBuildFile; fileRef = F9325F681D59938E00C3CE37 /* SwiftWebVCActivitySafari@2x.png */; };
		F9325F791D59938E00C3CE37 /* SwiftWebVCActivity.swift in Sources */ = {isa = PBXBuildFile; fileRef = F9325F691D59938E00C3CE37 /* SwiftWebVCActivity.swift */; };
		F93FA3881D500F1000C54AA8 /* LoginViewController.swift in Sources */ = {isa = PBXBuildFile; fileRef = F93FA3871D500F1000C54AA8 /* LoginViewController.swift */; };
		F97F304A1D51B4B80013CECD /* CalViewController.swift in Sources */ = {isa = PBXBuildFile; fileRef = F97F30491D51B4B80013CECD /* CalViewController.swift */; };
		F9C97E231D4FB78300C9573C /* AppDelegate.swift in Sources */ = {isa = PBXBuildFile; fileRef = F9C97E221D4FB78300C9573C /* AppDelegate.swift */; };
		F9C97E281D4FB78300C9573C /* Main.storyboard in Resources */ = {isa = PBXBuildFile; fileRef = F9C97E261D4FB78300C9573C /* Main.storyboard */; };
		F9C97E2B1D4FB78300C9573C /* bcpApp.xcdatamodeld in Sources */ = {isa = PBXBuildFile; fileRef = F9C97E291D4FB78300C9573C /* bcpApp.xcdatamodeld */; };
		F9C97E2D1D4FB78300C9573C /* Assets.xcassets in Resources */ = {isa = PBXBuildFile; fileRef = F9C97E2C1D4FB78300C9573C /* Assets.xcassets */; };
		F9C97E301D4FB78300C9573C /* LaunchScreen.storyboard in Resources */ = {isa = PBXBuildFile; fileRef = F9C97E2E1D4FB78300C9573C /* LaunchScreen.storyboard */; };
		F9C97E391D4FB7C600C9573C /* GradebookViewController.swift in Sources */ = {isa = PBXBuildFile; fileRef = F9C97E381D4FB7C600C9573C /* GradebookViewController.swift */; };
		F9C97E3B1D4FC34600C9573C /* EmailViewController.swift in Sources */ = {isa = PBXBuildFile; fileRef = F9C97E3A1D4FC34600C9573C /* EmailViewController.swift */; };
		F9D432471D525713002177B2 /* CalendarView.swift in Sources */ = {isa = PBXBuildFile; fileRef = F9D432461D525713002177B2 /* CalendarView.swift */; };
		F9F3BA4C1D502A8700B17D55 /* User.swift in Sources */ = {isa = PBXBuildFile; fileRef = F9F3BA4B1D502A8700B17D55 /* User.swift */; };
/* End PBXBuildFile section */

/* Begin PBXFileReference section */
		12CA13E4150DE4A9D92E5972 /* Pods_bcpApp.framework */ = {isa = PBXFileReference; explicitFileType = wrapper.framework; includeInIndex = 0; path = Pods_bcpApp.framework; sourceTree = BUILT_PRODUCTS_DIR; };
		C5882DE388695EFC36D646AF /* Pods-bcpApp.debug.xcconfig */ = {isa = PBXFileReference; includeInIndex = 1; lastKnownFileType = text.xcconfig; name = "Pods-bcpApp.debug.xcconfig"; path = "Pods/Target Support Files/Pods-bcpApp/Pods-bcpApp.debug.xcconfig"; sourceTree = "<group>"; };
		DDFBCAA97B5E00649521E1D4 /* Pods-bcpApp.release.xcconfig */ = {isa = PBXFileReference; includeInIndex = 1; lastKnownFileType = text.xcconfig; name = "Pods-bcpApp.release.xcconfig"; path = "Pods/Target Support Files/Pods-bcpApp/Pods-bcpApp.release.xcconfig"; sourceTree = "<group>"; };
		F90FDFA21D5174F70023A703 /* events.json */ = {isa = PBXFileReference; fileEncoding = 4; lastKnownFileType = text.json; name = events.json; path = ../../Documents/BellEvents/events.json; sourceTree = "<group>"; };
		F92873DD1D5031EB008A2714 /* RealmHelper.swift */ = {isa = PBXFileReference; fileEncoding = 4; lastKnownFileType = sourcecode.swift; path = RealmHelper.swift; sourceTree = "<group>"; };
		F9325F531D59938E00C3CE37 /* da */ = {isa = PBXFileReference; lastKnownFileType = text.plist.strings; name = da; path = da.lproj/SwiftWebVC.strings; sourceTree = "<group>"; };
		F9325F541D59938E00C3CE37 /* de */ = {isa = PBXFileReference; lastKnownFileType = text.plist.strings; name = de; path = de.lproj/SwiftWebVC.strings; sourceTree = "<group>"; };
		F9325F551D59938E00C3CE37 /* en */ = {isa = PBXFileReference; lastKnownFileType = text.plist.strings; name = en; path = en.lproj/SwiftWebVC.strings; sourceTree = "<group>"; };
		F9325F561D59938E00C3CE37 /* es-ES */ = {isa = PBXFileReference; lastKnownFileType = text.plist.strings; name = "es-ES"; path = "es-ES.lproj/SwiftWebVC.strings"; sourceTree = "<group>"; };
		F9325F571D59938E00C3CE37 /* es */ = {isa = PBXFileReference; lastKnownFileType = text.plist.strings; name = es; path = es.lproj/SwiftWebVC.strings; sourceTree = "<group>"; };
		F9325F581D59938E00C3CE37 /* fr */ = {isa = PBXFileReference; lastKnownFileType = text.plist.strings; name = fr; path = fr.lproj/SwiftWebVC.strings; sourceTree = "<group>"; };
		F9325F591D59938E00C3CE37 /* ja */ = {isa = PBXFileReference; lastKnownFileType = text.plist.strings; name = ja; path = ja.lproj/SwiftWebVC.strings; sourceTree = "<group>"; };
		F9325F5A1D59938E00C3CE37 /* pt */ = {isa = PBXFileReference; lastKnownFileType = text.plist.strings; name = pt; path = pt.lproj/SwiftWebVC.strings; sourceTree = "<group>"; };
		F9325F5B1D59938E00C3CE37 /* SwiftModalWebVC.swift */ = {isa = PBXFileReference; fileEncoding = 4; lastKnownFileType = sourcecode.swift; path = SwiftModalWebVC.swift; sourceTree = "<group>"; };
		F9325F5C1D59938E00C3CE37 /* SwiftWebVC.bundle */ = {isa = PBXFileReference; lastKnownFileType = "wrapper.plug-in"; path = SwiftWebVC.bundle; sourceTree = "<group>"; };
		F9325F5D1D59938E00C3CE37 /* SwiftWebVC.swift */ = {isa = PBXFileReference; fileEncoding = 4; lastKnownFileType = sourcecode.swift; path = SwiftWebVC.swift; sourceTree = "<group>"; };
		F9325F601D59938E00C3CE37 /* SwiftWebVCActivityChrome-iPad.png */ = {isa = PBXFileReference; lastKnownFileType = image.png; path = "SwiftWebVCActivityChrome-iPad.png"; sourceTree = "<group>"; };
		F9325F611D59938E00C3CE37 /* SwiftWebVCActivityChrome-iPad@2x.png */ = {isa = PBXFileReference; lastKnownFileType = image.png; path = "SwiftWebVCActivityChrome-iPad@2x.png"; sourceTree = "<group>"; };
		F9325F621D59938E00C3CE37 /* SwiftWebVCActivityChrome.swift */ = {isa = PBXFileReference; fileEncoding = 4; lastKnownFileType = sourcecode.swift; path = SwiftWebVCActivityChrome.swift; sourceTree = "<group>"; };
		F9325F631D59938E00C3CE37 /* SwiftWebVCActivityChrome@2x.png */ = {isa = PBXFileReference; lastKnownFileType = image.png; path = "SwiftWebVCActivityChrome@2x.png"; sourceTree = "<group>"; };
		F9325F651D59938E00C3CE37 /* SwiftWebVCActivitySafari-iPad.png */ = {isa = PBXFileReference; lastKnownFileType = image.png; path = "SwiftWebVCActivitySafari-iPad.png"; sourceTree = "<group>"; };
		F9325F661D59938E00C3CE37 /* SwiftWebVCActivitySafari-iPad@2x.png */ = {isa = PBXFileReference; lastKnownFileType = image.png; path = "SwiftWebVCActivitySafari-iPad@2x.png"; sourceTree = "<group>"; };
		F9325F671D59938E00C3CE37 /* SwiftWebVCActivitySafari.swift */ = {isa = PBXFileReference; fileEncoding = 4; lastKnownFileType = sourcecode.swift; path = SwiftWebVCActivitySafari.swift; sourceTree = "<group>"; };
		F9325F681D59938E00C3CE37 /* SwiftWebVCActivitySafari@2x.png */ = {isa = PBXFileReference; lastKnownFileType = image.png; path = "SwiftWebVCActivitySafari@2x.png"; sourceTree = "<group>"; };
		F9325F691D59938E00C3CE37 /* SwiftWebVCActivity.swift */ = {isa = PBXFileReference; fileEncoding = 4; lastKnownFileType = sourcecode.swift; path = SwiftWebVCActivity.swift; sourceTree = "<group>"; };
		F9325F6A1D59938E00C3CE37 /* vi */ = {isa = PBXFileReference; lastKnownFileType = text.plist.strings; name = vi; path = vi.lproj/SwiftWebVC.strings; sourceTree = "<group>"; };
		F9325F6B1D59938E00C3CE37 /* zh-Hans */ = {isa = PBXFileReference; lastKnownFileType = text.plist.strings; name = "zh-Hans"; path = "zh-Hans.lproj/SwiftWebVC.strings"; sourceTree = "<group>"; };
		F9325F6C1D59938E00C3CE37 /* zh-Hant */ = {isa = PBXFileReference; lastKnownFileType = text.plist.strings; name = "zh-Hant"; path = "zh-Hant.lproj/SwiftWebVC.strings"; sourceTree = "<group>"; };
		F93FA3871D500F1000C54AA8 /* LoginViewController.swift */ = {isa = PBXFileReference; fileEncoding = 4; lastKnownFileType = sourcecode.swift; path = LoginViewController.swift; sourceTree = "<group>"; };
		F97F30481D51B3CC0013CECD /* bcpApp-Bridging-Header.h */ = {isa = PBXFileReference; lastKnownFileType = sourcecode.c.h; path = "bcpApp-Bridging-Header.h"; sourceTree = "<group>"; };
		F97F30491D51B4B80013CECD /* CalViewController.swift */ = {isa = PBXFileReference; fileEncoding = 4; lastKnownFileType = sourcecode.swift; path = CalViewController.swift; sourceTree = "<group>"; };
		F9C97E1F1D4FB78300C9573C /* bcpApp.app */ = {isa = PBXFileReference; explicitFileType = wrapper.application; includeInIndex = 0; path = bcpApp.app; sourceTree = BUILT_PRODUCTS_DIR; };
		F9C97E221D4FB78300C9573C /* AppDelegate.swift */ = {isa = PBXFileReference; lastKnownFileType = sourcecode.swift; path = AppDelegate.swift; sourceTree = "<group>"; };
		F9C97E271D4FB78300C9573C /* Base */ = {isa = PBXFileReference; lastKnownFileType = file.storyboard; name = Base; path = Base.lproj/Main.storyboard; sourceTree = "<group>"; };
		F9C97E2A1D4FB78300C9573C /* bcpApp.xcdatamodel */ = {isa = PBXFileReference; lastKnownFileType = wrapper.xcdatamodel; path = bcpApp.xcdatamodel; sourceTree = "<group>"; };
		F9C97E2C1D4FB78300C9573C /* Assets.xcassets */ = {isa = PBXFileReference; lastKnownFileType = folder.assetcatalog; path = Assets.xcassets; sourceTree = "<group>"; };
		F9C97E2F1D4FB78300C9573C /* Base */ = {isa = PBXFileReference; lastKnownFileType = file.storyboard; name = Base; path = Base.lproj/LaunchScreen.storyboard; sourceTree = "<group>"; };
		F9C97E311D4FB78300C9573C /* Info.plist */ = {isa = PBXFileReference; lastKnownFileType = text.plist.xml; path = Info.plist; sourceTree = "<group>"; };
		F9C97E381D4FB7C600C9573C /* GradebookViewController.swift */ = {isa = PBXFileReference; fileEncoding = 4; lastKnownFileType = sourcecode.swift; path = GradebookViewController.swift; sourceTree = "<group>"; };
		F9C97E3A1D4FC34600C9573C /* EmailViewController.swift */ = {isa = PBXFileReference; fileEncoding = 4; lastKnownFileType = sourcecode.swift; path = EmailViewController.swift; sourceTree = "<group>"; };
		F9D432461D525713002177B2 /* CalendarView.swift */ = {isa = PBXFileReference; fileEncoding = 4; lastKnownFileType = sourcecode.swift; path = CalendarView.swift; sourceTree = "<group>"; };
		F9F3BA4B1D502A8700B17D55 /* User.swift */ = {isa = PBXFileReference; fileEncoding = 4; lastKnownFileType = sourcecode.swift; path = User.swift; sourceTree = "<group>"; };
/* End PBXFileReference section */

/* Begin PBXFrameworksBuildPhase section */
		F9C97E1C1D4FB78300C9573C /* Frameworks */ = {
			isa = PBXFrameworksBuildPhase;
			buildActionMask = 2147483647;
			files = (
				2C12F9FADAE99A8F7DB615F0 /* Pods_bcpApp.framework in Frameworks */,
			);
			runOnlyForDeploymentPostprocessing = 0;
		};
/* End PBXFrameworksBuildPhase section */

/* Begin PBXGroup section */
		0292BBA0D7110F6D9570EA89 /* Pods */ = {
			isa = PBXGroup;
			children = (
				C5882DE388695EFC36D646AF /* Pods-bcpApp.debug.xcconfig */,
				DDFBCAA97B5E00649521E1D4 /* Pods-bcpApp.release.xcconfig */,
			);
			name = Pods;
			sourceTree = "<group>";
		};
		D6C1C88C53F2FE7491904DC1 /* Frameworks */ = {
			isa = PBXGroup;
			children = (
				12CA13E4150DE4A9D92E5972 /* Pods_bcpApp.framework */,
			);
			name = Frameworks;
			sourceTree = "<group>";
		};
		F92873DC1D5031E2008A2714 /* Helpers */ = {
			isa = PBXGroup;
			children = (
				F92873DD1D5031EB008A2714 /* RealmHelper.swift */,
			);
			path = Helpers;
			sourceTree = SOURCE_ROOT;
		};
		F9325F511D59938E00C3CE37 /* SwiftWebVC */ = {
			isa = PBXGroup;
			children = (
				F9325F521D59938E00C3CE37 /* SwiftWebVC.strings */,
				F9325F5B1D59938E00C3CE37 /* SwiftModalWebVC.swift */,
				F9325F5C1D59938E00C3CE37 /* SwiftWebVC.bundle */,
				F9325F5D1D59938E00C3CE37 /* SwiftWebVC.swift */,
				F9325F5E1D59938E00C3CE37 /* UIActivities */,
			);
			name = SwiftWebVC;
			path = "../../../Downloads/SwiftWebVC-master/SwiftWebVC";
			sourceTree = "<group>";
		};
		F9325F5E1D59938E00C3CE37 /* UIActivities */ = {
			isa = PBXGroup;
			children = (
				F9325F5F1D59938E00C3CE37 /* Chrome */,
				F9325F641D59938E00C3CE37 /* Safari */,
				F9325F691D59938E00C3CE37 /* SwiftWebVCActivity.swift */,
			);
			path = UIActivities;
			sourceTree = "<group>";
		};
		F9325F5F1D59938E00C3CE37 /* Chrome */ = {
			isa = PBXGroup;
			children = (
				F9325F601D59938E00C3CE37 /* SwiftWebVCActivityChrome-iPad.png */,
				F9325F611D59938E00C3CE37 /* SwiftWebVCActivityChrome-iPad@2x.png */,
				F9325F621D59938E00C3CE37 /* SwiftWebVCActivityChrome.swift */,
				F9325F631D59938E00C3CE37 /* SwiftWebVCActivityChrome@2x.png */,
			);
			path = Chrome;
			sourceTree = "<group>";
		};
		F9325F641D59938E00C3CE37 /* Safari */ = {
			isa = PBXGroup;
			children = (
				F9325F651D59938E00C3CE37 /* SwiftWebVCActivitySafari-iPad.png */,
				F9325F661D59938E00C3CE37 /* SwiftWebVCActivitySafari-iPad@2x.png */,
				F9325F671D59938E00C3CE37 /* SwiftWebVCActivitySafari.swift */,
				F9325F681D59938E00C3CE37 /* SwiftWebVCActivitySafari@2x.png */,
			);
			path = Safari;
			sourceTree = "<group>";
		};
		F9C97E161D4FB78300C9573C = {
			isa = PBXGroup;
			children = (
				F9D432451D525709002177B2 /* Views */,
				F97F30481D51B3CC0013CECD /* bcpApp-Bridging-Header.h */,
				F90FDFA21D5174F70023A703 /* events.json */,
				F9C97E211D4FB78300C9573C /* bcpApp */,
				F9C97E201D4FB78300C9573C /* Products */,
				0292BBA0D7110F6D9570EA89 /* Pods */,
				D6C1C88C53F2FE7491904DC1 /* Frameworks */,
			);
			sourceTree = "<group>";
		};
		F9C97E201D4FB78300C9573C /* Products */ = {
			isa = PBXGroup;
			children = (
				F9C97E1F1D4FB78300C9573C /* bcpApp.app */,
			);
			name = Products;
			sourceTree = "<group>";
		};
		F9C97E211D4FB78300C9573C /* bcpApp */ = {
			isa = PBXGroup;
			children = (
				F92873DC1D5031E2008A2714 /* Helpers */,
				F9F3BA4A1D502A7F00B17D55 /* Models */,
				F9C97E371D4FB7B400C9573C /* ViewControllers */,
				F9C97E221D4FB78300C9573C /* AppDelegate.swift */,
				F9C97E261D4FB78300C9573C /* Main.storyboard */,
				F9C97E2E1D4FB78300C9573C /* LaunchScreen.storyboard */,
				F9325F511D59938E00C3CE37 /* SwiftWebVC */,
				F9C97E2C1D4FB78300C9573C /* Assets.xcassets */,
				F9C97E311D4FB78300C9573C /* Info.plist */,
				F9C97E291D4FB78300C9573C /* bcpApp.xcdatamodeld */,
			);
			path = bcpApp;
			sourceTree = "<group>";
		};
		F9C97E371D4FB7B400C9573C /* ViewControllers */ = {
			isa = PBXGroup;
			children = (
				F9C97E381D4FB7C600C9573C /* GradebookViewController.swift */,
				F9C97E3A1D4FC34600C9573C /* EmailViewController.swift */,
				F93FA3871D500F1000C54AA8 /* LoginViewController.swift */,
				F97F30491D51B4B80013CECD /* CalViewController.swift */,
			);
			path = ViewControllers;
			sourceTree = "<group>";
		};
		F9D432451D525709002177B2 /* Views */ = {
			isa = PBXGroup;
			children = (
				F9D432461D525713002177B2 /* CalendarView.swift */,
			);
			path = Views;
			sourceTree = "<group>";
		};
		F9F3BA4A1D502A7F00B17D55 /* Models */ = {
			isa = PBXGroup;
			children = (
				F9F3BA4B1D502A8700B17D55 /* User.swift */,
			);
			path = Models;
			sourceTree = "<group>";
		};
/* End PBXGroup section */

/* Begin PBXNativeTarget section */
		F9C97E1E1D4FB78300C9573C /* bcpApp */ = {
			isa = PBXNativeTarget;
			buildConfigurationList = F9C97E341D4FB78300C9573C /* Build configuration list for PBXNativeTarget "bcpApp" */;
			buildPhases = (
				D5F1E6B5314BDFCE6B586912 /* [CP] Check Pods Manifest.lock */,
				F9C97E1B1D4FB78300C9573C /* Sources */,
				F9C97E1C1D4FB78300C9573C /* Frameworks */,
				F9C97E1D1D4FB78300C9573C /* Resources */,
				0F8546BEA8EE959AF25F97AB /* [CP] Embed Pods Frameworks */,
				843E350B3179066C0DAC7E5A /* [CP] Copy Pods Resources */,
			);
			buildRules = (
			);
			dependencies = (
			);
			name = bcpApp;
			productName = bcpApp;
			productReference = F9C97E1F1D4FB78300C9573C /* bcpApp.app */;
			productType = "com.apple.product-type.application";
		};
/* End PBXNativeTarget section */

/* Begin PBXProject section */
		F9C97E171D4FB78300C9573C /* Project object */ = {
			isa = PBXProject;
			attributes = {
				LastSwiftUpdateCheck = 0730;
				LastUpgradeCheck = 0730;
				ORGANIZATIONNAME = Samraj;
				TargetAttributes = {
					F9C97E1E1D4FB78300C9573C = {
						CreatedOnToolsVersion = 7.3.1;
					};
				};
			};
			buildConfigurationList = F9C97E1A1D4FB78300C9573C /* Build configuration list for PBXProject "bcpApp" */;
			compatibilityVersion = "Xcode 3.2";
			developmentRegion = English;
			hasScannedForEncodings = 0;
			knownRegions = (
				en,
				Base,
				da,
				de,
				"es-ES",
				es,
				fr,
				ja,
				pt,
				vi,
				"zh-Hans",
				"zh-Hant",
			);
			mainGroup = F9C97E161D4FB78300C9573C;
			productRefGroup = F9C97E201D4FB78300C9573C /* Products */;
			projectDirPath = "";
			projectRoot = "";
			targets = (
				F9C97E1E1D4FB78300C9573C /* bcpApp */,
			);
		};
/* End PBXProject section */

/* Begin PBXResourcesBuildPhase section */
		F9C97E1D1D4FB78300C9573C /* Resources */ = {
			isa = PBXResourcesBuildPhase;
			buildActionMask = 2147483647;
			files = (
				F9325F751D59938E00C3CE37 /* SwiftWebVCActivitySafari-iPad.png in Resources */,
				F9325F741D59938E00C3CE37 /* SwiftWebVCActivityChrome@2x.png in Resources */,
				F9325F711D59938E00C3CE37 /* SwiftWebVCActivityChrome-iPad.png in Resources */,
				F9325F6D1D59938E00C3CE37 /* SwiftWebVC.strings in Resources */,
				F9325F6F1D59938E00C3CE37 /* SwiftWebVC.bundle in Resources */,
				F9325F721D59938E00C3CE37 /* SwiftWebVCActivityChrome-iPad@2x.png in Resources */,
				F90FDFA31D5174F70023A703 /* events.json in Resources */,
				F9325F781D59938E00C3CE37 /* SwiftWebVCActivitySafari@2x.png in Resources */,
				F9C97E301D4FB78300C9573C /* LaunchScreen.storyboard in Resources */,
				F9C97E2D1D4FB78300C9573C /* Assets.xcassets in Resources */,
				F9C97E281D4FB78300C9573C /* Main.storyboard in Resources */,
				F9325F761D59938E00C3CE37 /* SwiftWebVCActivitySafari-iPad@2x.png in Resources */,
			);
			runOnlyForDeploymentPostprocessing = 0;
		};
/* End PBXResourcesBuildPhase section */

/* Begin PBXShellScriptBuildPhase section */
		0F8546BEA8EE959AF25F97AB /* [CP] Embed Pods Frameworks */ = {
			isa = PBXShellScriptBuildPhase;
			buildActionMask = 2147483647;
			files = (
			);
			inputPaths = (
			);
			name = "[CP] Embed Pods Frameworks";
			outputPaths = (
			);
			runOnlyForDeploymentPostprocessing = 0;
			shellPath = /bin/sh;
			shellScript = "\"${SRCROOT}/Pods/Target Support Files/Pods-bcpApp/Pods-bcpApp-frameworks.sh\"\n";
			showEnvVarsInLog = 0;
		};
		843E350B3179066C0DAC7E5A /* [CP] Copy Pods Resources */ = {
			isa = PBXShellScriptBuildPhase;
			buildActionMask = 2147483647;
			files = (
			);
			inputPaths = (
			);
			name = "[CP] Copy Pods Resources";
			outputPaths = (
			);
			runOnlyForDeploymentPostprocessing = 0;
			shellPath = /bin/sh;
			shellScript = "\"${SRCROOT}/Pods/Target Support Files/Pods-bcpApp/Pods-bcpApp-resources.sh\"\n";
			showEnvVarsInLog = 0;
		};
		D5F1E6B5314BDFCE6B586912 /* [CP] Check Pods Manifest.lock */ = {
			isa = PBXShellScriptBuildPhase;
			buildActionMask = 2147483647;
			files = (
			);
			inputPaths = (
			);
			name = "[CP] Check Pods Manifest.lock";
			outputPaths = (
			);
			runOnlyForDeploymentPostprocessing = 0;
			shellPath = /bin/sh;
			shellScript = "diff \"${PODS_ROOT}/../Podfile.lock\" \"${PODS_ROOT}/Manifest.lock\" > /dev/null\nif [[ $? != 0 ]] ; then\n    cat << EOM\nerror: The sandbox is not in sync with the Podfile.lock. Run 'pod install' or update your CocoaPods installation.\nEOM\n    exit 1\nfi\n";
			showEnvVarsInLog = 0;
		};
/* End PBXShellScriptBuildPhase section */

/* Begin PBXSourcesBuildPhase section */
		F9C97E1B1D4FB78300C9573C /* Sources */ = {
			isa = PBXSourcesBuildPhase;
			buildActionMask = 2147483647;
			files = (
				F97F304A1D51B4B80013CECD /* CalViewController.swift in Sources */,
				F93FA3881D500F1000C54AA8 /* LoginViewController.swift in Sources */,
				F9C97E2B1D4FB78300C9573C /* bcpApp.xcdatamodeld in Sources */,
				F9325F791D59938E00C3CE37 /* SwiftWebVCActivity.swift in Sources */,
				F9C97E391D4FB7C600C9573C /* GradebookViewController.swift in Sources */,
				F9D432471D525713002177B2 /* CalendarView.swift in Sources */,
				F9C97E231D4FB78300C9573C /* AppDelegate.swift in Sources */,
				F92873DE1D5031EB008A2714 /* RealmHelper.swift in Sources */,
				F9325F771D59938E00C3CE37 /* SwiftWebVCActivitySafari.swift in Sources */,
				F9325F6E1D59938E00C3CE37 /* SwiftModalWebVC.swift in Sources */,
				F9325F701D59938E00C3CE37 /* SwiftWebVC.swift in Sources */,
				F9C97E3B1D4FC34600C9573C /* EmailViewController.swift in Sources */,
				F9325F731D59938E00C3CE37 /* SwiftWebVCActivityChrome.swift in Sources */,
				F9F3BA4C1D502A8700B17D55 /* User.swift in Sources */,
			);
			runOnlyForDeploymentPostprocessing = 0;
		};
/* End PBXSourcesBuildPhase section */

/* Begin PBXVariantGroup section */
		F9325F521D59938E00C3CE37 /* SwiftWebVC.strings */ = {
			isa = PBXVariantGroup;
			children = (
				F9325F531D59938E00C3CE37 /* da */,
				F9325F541D59938E00C3CE37 /* de */,
				F9325F551D59938E00C3CE37 /* en */,
				F9325F561D59938E00C3CE37 /* es-ES */,
				F9325F571D59938E00C3CE37 /* es */,
				F9325F581D59938E00C3CE37 /* fr */,
				F9325F591D59938E00C3CE37 /* ja */,
				F9325F5A1D59938E00C3CE37 /* pt */,
				F9325F6A1D59938E00C3CE37 /* vi */,
				F9325F6B1D59938E00C3CE37 /* zh-Hans */,
				F9325F6C1D59938E00C3CE37 /* zh-Hant */,
			);
			name = SwiftWebVC.strings;
			sourceTree = "<group>";
		};
		F9C97E261D4FB78300C9573C /* Main.storyboard */ = {
			isa = PBXVariantGroup;
			children = (
				F9C97E271D4FB78300C9573C /* Base */,
			);
			name = Main.storyboard;
			sourceTree = "<group>";
		};
		F9C97E2E1D4FB78300C9573C /* LaunchScreen.storyboard */ = {
			isa = PBXVariantGroup;
			children = (
				F9C97E2F1D4FB78300C9573C /* Base */,
			);
			name = LaunchScreen.storyboard;
			sourceTree = "<group>";
		};
/* End PBXVariantGroup section */

/* Begin XCBuildConfiguration section */
		F9C97E321D4FB78300C9573C /* Debug */ = {
			isa = XCBuildConfiguration;
			buildSettings = {
				ALWAYS_SEARCH_USER_PATHS = NO;
				CLANG_ANALYZER_NONNULL = YES;
				CLANG_CXX_LANGUAGE_STANDARD = "gnu++0x";
				CLANG_CXX_LIBRARY = "libc++";
				CLANG_ENABLE_MODULES = YES;
				CLANG_ENABLE_OBJC_ARC = YES;
				CLANG_WARN_BOOL_CONVERSION = YES;
				CLANG_WARN_CONSTANT_CONVERSION = YES;
				CLANG_WARN_DIRECT_OBJC_ISA_USAGE = YES_ERROR;
				CLANG_WARN_EMPTY_BODY = YES;
				CLANG_WARN_ENUM_CONVERSION = YES;
				CLANG_WARN_INT_CONVERSION = YES;
				CLANG_WARN_OBJC_ROOT_CLASS = YES_ERROR;
				CLANG_WARN_UNREACHABLE_CODE = YES;
				CLANG_WARN__DUPLICATE_METHOD_MATCH = YES;
				"CODE_SIGN_IDENTITY[sdk=iphoneos*]" = "iPhone Developer";
				COPY_PHASE_STRIP = NO;
				DEBUG_INFORMATION_FORMAT = dwarf;
				ENABLE_STRICT_OBJC_MSGSEND = YES;
				ENABLE_TESTABILITY = YES;
				GCC_C_LANGUAGE_STANDARD = gnu99;
				GCC_DYNAMIC_NO_PIC = NO;
				GCC_NO_COMMON_BLOCKS = YES;
				GCC_OPTIMIZATION_LEVEL = 0;
				GCC_PREPROCESSOR_DEFINITIONS = (
					"DEBUG=1",
					"$(inherited)",
				);
				GCC_WARN_64_TO_32_BIT_CONVERSION = YES;
				GCC_WARN_ABOUT_RETURN_TYPE = YES_ERROR;
				GCC_WARN_UNDECLARED_SELECTOR = YES;
				GCC_WARN_UNINITIALIZED_AUTOS = YES_AGGRESSIVE;
				GCC_WARN_UNUSED_FUNCTION = YES;
				GCC_WARN_UNUSED_VARIABLE = YES;
				IPHONEOS_DEPLOYMENT_TARGET = 9.3;
				MTL_ENABLE_DEBUG_INFO = YES;
				ONLY_ACTIVE_ARCH = YES;
				SDKROOT = iphoneos;
				SWIFT_OPTIMIZATION_LEVEL = "-Onone";
				TARGETED_DEVICE_FAMILY = "1,2";
			};
			name = Debug;
		};
		F9C97E331D4FB78300C9573C /* Release */ = {
			isa = XCBuildConfiguration;
			buildSettings = {
				ALWAYS_SEARCH_USER_PATHS = NO;
				CLANG_ANALYZER_NONNULL = YES;
				CLANG_CXX_LANGUAGE_STANDARD = "gnu++0x";
				CLANG_CXX_LIBRARY = "libc++";
				CLANG_ENABLE_MODULES = YES;
				CLANG_ENABLE_OBJC_ARC = YES;
				CLANG_WARN_BOOL_CONVERSION = YES;
				CLANG_WARN_CONSTANT_CONVERSION = YES;
				CLANG_WARN_DIRECT_OBJC_ISA_USAGE = YES_ERROR;
				CLANG_WARN_EMPTY_BODY = YES;
				CLANG_WARN_ENUM_CONVERSION = YES;
				CLANG_WARN_INT_CONVERSION = YES;
				CLANG_WARN_OBJC_ROOT_CLASS = YES_ERROR;
				CLANG_WARN_UNREACHABLE_CODE = YES;
				CLANG_WARN__DUPLICATE_METHOD_MATCH = YES;
				"CODE_SIGN_IDENTITY[sdk=iphoneos*]" = "iPhone Developer";
				COPY_PHASE_STRIP = NO;
				DEBUG_INFORMATION_FORMAT = "dwarf-with-dsym";
				ENABLE_NS_ASSERTIONS = NO;
				ENABLE_STRICT_OBJC_MSGSEND = YES;
				GCC_C_LANGUAGE_STANDARD = gnu99;
				GCC_NO_COMMON_BLOCKS = YES;
				GCC_WARN_64_TO_32_BIT_CONVERSION = YES;
				GCC_WARN_ABOUT_RETURN_TYPE = YES_ERROR;
				GCC_WARN_UNDECLARED_SELECTOR = YES;
				GCC_WARN_UNINITIALIZED_AUTOS = YES_AGGRESSIVE;
				GCC_WARN_UNUSED_FUNCTION = YES;
				GCC_WARN_UNUSED_VARIABLE = YES;
				IPHONEOS_DEPLOYMENT_TARGET = 9.3;
				MTL_ENABLE_DEBUG_INFO = NO;
				SDKROOT = iphoneos;
				TARGETED_DEVICE_FAMILY = "1,2";
				VALIDATE_PRODUCT = YES;
			};
			name = Release;
		};
		F9C97E351D4FB78300C9573C /* Debug */ = {
			isa = XCBuildConfiguration;
			baseConfigurationReference = C5882DE388695EFC36D646AF /* Pods-bcpApp.debug.xcconfig */;
			buildSettings = {
				ASSETCATALOG_COMPILER_APPICON_NAME = AppIcon;
				CLANG_ENABLE_MODULES = YES;
				FRAMEWORK_SEARCH_PATHS = (
					"$(inherited)",
					"\"$PODS_CONFIGURATION_BUILD_DIR/Realm\"",
					"\"$PODS_CONFIGURATION_BUILD_DIR/RealmSwift\"",
				);
				INFOPLIST_FILE = bcpApp/Info.plist;
				LD_RUNPATH_SEARCH_PATHS = "$(inherited) @executable_path/Frameworks";
				PRODUCT_BUNDLE_IDENTIFIER = com.Kalkat.bcpApp;
				PRODUCT_NAME = "$(TARGET_NAME)";
				SWIFT_OBJC_BRIDGING_HEADER = "";
				SWIFT_OPTIMIZATION_LEVEL = "-Onone";
				USER_HEADER_SEARCH_PATHS = "";
			};
			name = Debug;
		};
		F9C97E361D4FB78300C9573C /* Release */ = {
			isa = XCBuildConfiguration;
			baseConfigurationReference = DDFBCAA97B5E00649521E1D4 /* Pods-bcpApp.release.xcconfig */;
			buildSettings = {
				ASSETCATALOG_COMPILER_APPICON_NAME = AppIcon;
				CLANG_ENABLE_MODULES = YES;
				FRAMEWORK_SEARCH_PATHS = (
					"$(inherited)",
					"\"$PODS_CONFIGURATION_BUILD_DIR/Realm\"",
					"\"$PODS_CONFIGURATION_BUILD_DIR/RealmSwift\"",
				);
				INFOPLIST_FILE = bcpApp/Info.plist;
				LD_RUNPATH_SEARCH_PATHS = "$(inherited) @executable_path/Frameworks";
				PRODUCT_BUNDLE_IDENTIFIER = com.Kalkat.bcpApp;
				PRODUCT_NAME = "$(TARGET_NAME)";
				SWIFT_OBJC_BRIDGING_HEADER = "";
				USER_HEADER_SEARCH_PATHS = "";
			};
			name = Release;
		};
/* End XCBuildConfiguration section */

/* Begin XCConfigurationList section */
		F9C97E1A1D4FB78300C9573C /* Build configuration list for PBXProject "bcpApp" */ = {
			isa = XCConfigurationList;
			buildConfigurations = (
				F9C97E321D4FB78300C9573C /* Debug */,
				F9C97E331D4FB78300C9573C /* Release */,
			);
			defaultConfigurationIsVisible = 0;
			defaultConfigurationName = Release;
		};
		F9C97E341D4FB78300C9573C /* Build configuration list for PBXNativeTarget "bcpApp" */ = {
			isa = XCConfigurationList;
			buildConfigurations = (
				F9C97E351D4FB78300C9573C /* Debug */,
				F9C97E361D4FB78300C9573C /* Release */,
			);
			defaultConfigurationIsVisible = 0;
			defaultConfigurationName = Release;
		};
/* End XCConfigurationList section */

/* Begin XCVersionGroup section */
		F9C97E291D4FB78300C9573C /* bcpApp.xcdatamodeld */ = {
			isa = XCVersionGroup;
			children = (
				F9C97E2A1D4FB78300C9573C /* bcpApp.xcdatamodel */,
			);
			currentVersion = F9C97E2A1D4FB78300C9573C /* bcpApp.xcdatamodel */;
			path = bcpApp.xcdatamodeld;
			sourceTree = "<group>";
			versionGroupType = wrapper.xcdatamodel;
		};
/* End XCVersionGroup section */
	};
	rootObject = F9C97E171D4FB78300C9573C /* Project object */;
}
